# This file is automatically @generated by rv.
# It is not intended for manual editing.
version = 2
r_version = "4.6"

[[packages]]
name = "BH"
version = "1.90.0-1"
source = { repository = "https://cloud.r-project.org/" }
force_source = false
dependencies = []

[[packages]]
name = "Biobase"
version = "2.72.0"
source = { repository = "https://bioconductor.org/packages/3.23/bioc" }
force_source = false
dependencies = [
    { name = "BiocGenerics", requirement = "(>= 0.27.1)" },
]

[[packages]]
name = "BiocGenerics"
version = "0.58.1"
source = { repository = "https://bioconductor.org/packages/3.23/bioc" }
force_source = false
dependencies = [
    "generics",
]

[[packages]]
name = "BiocIO"
version = "1.22.0"
source = { repository = "https://bioconductor.org/packages/3.23/bioc" }
force_source = false
dependencies = [
    "BiocGenerics",
    "S4Vectors",
]

[[packages]]
name = "BiocManager"
version = "1.30.27"
source = { repository = "https://cloud.r-project.org/" }
force_source = false
dependencies = []

[[packages]]
name = "BiocParallel"
version = "1.46.0"
source = { repository = "https://bioconductor.org/packages/3.23/bioc" }
force_source = false
dependencies = [
    "futile.logger",
    "snow",
    "codetools",
    { name = "BH", requirement = "(>= 1.87.0)" },
    "cpp11",
]

[[packages]]
name = "Biostrings"
version = "2.80.1"
source = { repository = "https://bioconductor.org/packages/3.23/bioc" }
force_source = false
dependencies = [
    { name = "BiocGenerics", requirement = "(>= 0.37.0)" },
    { name = "S4Vectors", requirement = "(>= 0.27.12)" },
    { name = "IRanges", requirement = "(>= 2.31.2)" },
    { name = "XVector", requirement = "(>= 0.37.1)" },
    "Seqinfo",
    "crayon",
]

[[packages]]
name = "DelayedArray"
version = "0.38.2"
source = { repository = "https://bioconductor.org/packages/3.23/bioc" }
force_source = false
dependencies = [
    "Matrix",
    { name = "BiocGenerics", requirement = "(>= 0.53.3)" },
    { name = "MatrixGenerics", requirement = "(>= 1.1.3)" },
    { name = "S4Vectors", requirement = "(>= 0.47.6)" },
    { name = "IRanges", requirement = "(>= 2.17.3)" },
    { name = "S4Arrays", requirement = "(>= 1.9.3)" },
    { name = "SparseArray", requirement = "(>= 1.7.5)" },
]

[[packages]]
name = "GenomicAlignments"
version = "1.48.0"
source = { repository = "https://bioconductor.org/packages/3.23/bioc" }
force_source = false
dependencies = [
    { name = "BiocGenerics", requirement = "(>= 0.37.0)" },
    { name = "S4Vectors", requirement = "(>= 0.47.6)" },
    { name = "IRanges", requirement = "(>= 2.23.9)" },
    "Seqinfo",
    { name = "GenomicRanges", requirement = "(>= 1.61.1)" },
    { name = "SummarizedExperiment", requirement = "(>= 1.39.1)" },
    { name = "Biostrings", requirement = "(>= 2.77.2)" },
    { name = "Rsamtools", requirement = "(>= 2.25.1)" },
    "BiocGenerics",
    "S4Vectors",
    "IRanges",
    "GenomicRanges",
    "Biostrings",
    "Rsamtools",
    "BiocParallel",
    { name = "cigarillo", requirement = "(>= 0.99.2)" },
]

[[packages]]
name = "GenomicRanges"
version = "1.64.0"
source = { repository = "https://bioconductor.org/packages/3.23/bioc" }
force_source = false
dependencies = [
    { name = "BiocGenerics", requirement = "(>= 0.53.2)" },
    { name = "S4Vectors", requirement = "(>= 0.45.2)" },
    { name = "IRanges", requirement = "(>= 2.43.6)" },
    { name = "Seqinfo", requirement = "(>= 0.99.3)" },
]

[[packages]]
name = "IRanges"
version = "2.46.0"
source = { repository = "https://bioconductor.org/packages/3.23/bioc" }
force_source = false
dependencies = [
    { name = "BiocGenerics", requirement = "(>= 0.53.2)" },
    { name = "S4Vectors", requirement = "(>= 0.47.6)" },
]

[[packages]]
name = "Matrix"
version = "1.7-5"
source = { builtin = true }
force_source = false
dependencies = [
    "lattice",
]

[[packages]]
name = "MatrixGenerics"
version = "1.24.0"
source = { repository = "https://bioconductor.org/packages/3.23/bioc" }
force_source = false
dependencies = [
    { name = "matrixStats", requirement = "(>= 1.4.1)" },
]

[[packages]]
name = "R.methodsS3"
version = "1.8.2"
source = { repository = "https://cloud.r-project.org/" }
force_source = false
dependencies = []

[[packages]]
name = "R.oo"
version = "1.27.1"
source = { repository = "https://cloud.r-project.org/" }
force_source = false
dependencies = [
    { name = "R.methodsS3", requirement = "(>= 1.8.2)" },
]

[[packages]]
name = "R.utils"
version = "2.13.0"
source = { repository = "https://cloud.r-project.org/" }
force_source = false
dependencies = [
    "R.oo",
    "R.methodsS3",
]

[[packages]]
name = "R6"
version = "2.6.1"
source = { repository = "https://cloud.r-project.org/" }
force_source = false
dependencies = []

[[packages]]
name = "RCurl"
version = "1.98-1.19"
source = { repository = "https://cloud.r-project.org/" }
force_source = false
dependencies = [
    "bitops",
]

[[packages]]
name = "Rhtslib"
version = "3.8.0"
source = { repository = "https://bioconductor.org/packages/3.23/bioc" }
force_source = false
dependencies = []

[[packages]]
name = "Rsamtools"
version = "2.28.0"
source = { repository = "https://bioconductor.org/packages/3.23/bioc" }
force_source = false
dependencies = [
    "Seqinfo",
    { name = "GenomicRanges", requirement = "(>= 1.61.1)" },
    { name = "Biostrings", requirement = "(>= 2.77.2)" },
    { name = "BiocGenerics", requirement = "(>= 0.25.1)" },
    { name = "S4Vectors", requirement = "(>= 0.17.25)" },
    { name = "IRanges", requirement = "(>= 2.13.12)" },
    { name = "XVector", requirement = "(>= 0.19.7)" },
    "bitops",
    "BiocParallel",
    { name = "Rhtslib", requirement = "(>= 3.3.1)" },
]

[[packages]]
name = "S4Arrays"
version = "1.12.0"
source = { repository = "https://bioconductor.org/packages/3.23/bioc" }
force_source = false
dependencies = [
    "Matrix",
    "abind",
    { name = "BiocGenerics", requirement = "(>= 0.45.2)" },
    { name = "S4Vectors", requirement = "(>= 0.47.6)" },
    "IRanges",
]

[[packages]]
name = "S4Vectors"
version = "0.50.1"
source = { repository = "https://bioconductor.org/packages/3.23/bioc" }
force_source = false
dependencies = [
    { name = "BiocGenerics", requirement = "(>= 0.53.2)" },
]

[[packages]]
name = "Seqinfo"
version = "1.2.0"
source = { repository = "https://bioconductor.org/packages/3.23/bioc" }
force_source = false
dependencies = [
    "BiocGenerics",
    { name = "S4Vectors", requirement = "(>= 0.47.6)" },
    "IRanges",
]

[[packages]]
name = "SparseArray"
version = "1.12.2"
source = { repository = "https://bioconductor.org/packages/3.23/bioc" }
force_source = false
dependencies = [
    "Matrix",
    { name = "BiocGenerics", requirement = "(>= 0.43.1)" },
    { name = "MatrixGenerics", requirement = "(>= 1.11.1)" },
    { name = "S4Vectors", requirement = "(>= 0.43.2)" },
    { name = "S4Arrays", requirement = "(>= 1.11.1)" },
    "matrixStats",
    "IRanges",
    "XVector",
]

[[packages]]
name = "SummarizedExperiment"
version = "1.42.0"
source = { repository = "https://bioconductor.org/packages/3.23/bioc" }
force_source = false
dependencies = [
    { name = "MatrixGenerics", requirement = "(>= 1.1.3)" },
    { name = "GenomicRanges", requirement = "(>= 1.61.4)" },
    "Biobase",
    "Matrix",
    { name = "BiocGenerics", requirement = "(>= 0.51.3)" },
    { name = "S4Vectors", requirement = "(>= 0.33.7)" },
    { name = "IRanges", requirement = "(>= 2.23.9)" },
    "Seqinfo",
    { name = "S4Arrays", requirement = "(>= 1.1.1)" },
    { name = "DelayedArray", requirement = "(>= 0.31.12)" },
]

[[packages]]
name = "XML"
version = "3.99-0.23"
source = { repository = "https://cloud.r-project.org/" }
force_source = false
dependencies = []

[[packages]]
name = "XVector"
version = "0.52.0"
source = { repository = "https://bioconductor.org/packages/3.23/bioc" }
force_source = false
dependencies = [
    { name = "BiocGenerics", requirement = "(>= 0.37.0)" },
    { name = "S4Vectors", requirement = "(>= 0.27.12)" },
    { name = "IRanges", requirement = "(>= 2.43.8)" },
    "BiocGenerics",
    "S4Vectors",
    "IRanges",
]

[[packages]]
name = "abind"
version = "1.4-8"
source = { repository = "https://cloud.r-project.org/" }
force_source = false
dependencies = []

[[packages]]
name = "askpass"
version = "1.2.1"
source = { repository = "https://cloud.r-project.org/" }
force_source = false
dependencies = [
    { name = "sys", requirement = "(>= 2.1)" },
]

[[packages]]
name = "bitops"
version = "1.0-9"
source = { repository = "https://cloud.r-project.org/" }
force_source = false
dependencies = []

[[packages]]
name = "cigarillo"
version = "1.2.0"
source = { repository = "https://bioconductor.org/packages/3.23/bioc" }
force_source = false
dependencies = [
    "BiocGenerics",
    { name = "S4Vectors", requirement = "(>= 0.47.2)" },
    "IRanges",
    "Biostrings",
]

[[packages]]
name = "codetools"
version = "0.2-20"
source = { builtin = true }
force_source = false
dependencies = []

[[packages]]
name = "cpp11"
version = "0.5.5"
source = { repository = "https://cloud.r-project.org/" }
force_source = false
dependencies = []

[[packages]]
name = "crayon"
version = "1.5.3"
source = { repository = "https://cloud.r-project.org/" }
force_source = false
dependencies = []

[[packages]]
name = "curl"
version = "7.1.0"
source = { repository = "https://cloud.r-project.org/" }
force_source = false
dependencies = []

[[packages]]
name = "data.table"
version = "1.18.4"
source = { repository = "https://cloud.r-project.org/" }
force_source = false
dependencies = []

[[packages]]
name = "formatR"
version = "1.14"
source = { repository = "https://cloud.r-project.org/" }
force_source = false
dependencies = []

[[packages]]
name = "futile.logger"
version = "1.4.9"
source = { repository = "https://cloud.r-project.org/" }
force_source = false
dependencies = [
    { name = "lambda.r", requirement = "(>= 1.1.0)" },
    "futile.options",
]

[[packages]]
name = "futile.options"
version = "1.0.1"
source = { repository = "https://cloud.r-project.org/" }
force_source = false
dependencies = []

[[packages]]
name = "generics"
version = "0.1.4"
source = { repository = "https://cloud.r-project.org/" }
force_source = false
dependencies = []

[[packages]]
name = "httr"
version = "1.4.8"
source = { repository = "https://cloud.r-project.org/" }
force_source = false
dependencies = [
    { name = "curl", requirement = "(>= 5.1.0)" },
    "jsonlite",
    "mime",
    { name = "openssl", requirement = "(>= 0.8)" },
    "R6",
]

[[packages]]
name = "jsonlite"
version = "2.0.0"
source = { repository = "https://cloud.r-project.org/" }
force_source = false
dependencies = []

[[packages]]
name = "lambda.r"
version = "1.2.4"
source = { repository = "https://cloud.r-project.org/" }
force_source = false
dependencies = [
    "formatR",
]

[[packages]]
name = "lattice"
version = "0.22-9"
source = { builtin = true }
force_source = false
dependencies = []

[[packages]]
name = "matrixStats"
version = "1.5.0"
source = { repository = "https://cloud.r-project.org/" }
force_source = false
dependencies = []

[[packages]]
name = "mime"
version = "0.13"
source = { repository = "https://cloud.r-project.org/" }
force_source = false
dependencies = []

[[packages]]
name = "openssl"
version = "2.4.2"
source = { repository = "https://cloud.r-project.org/" }
force_source = false
dependencies = [
    "askpass",
]

[[packages]]
name = "optparse"
version = "1.8.2"
source = { repository = "https://cloud.r-project.org/" }
force_source = false
dependencies = []

[[packages]]
name = "renv"
version = "1.2.3"
source = { repository = "https://cloud.r-project.org/" }
force_source = false
dependencies = []

[[packages]]
name = "restfulr"
version = "0.0.17"
source = { repository = "https://cloud.r-project.org/" }
force_source = false
dependencies = [
    "XML",
    "RCurl",
    "rjson",
    { name = "S4Vectors", requirement = "(>= 0.13.15)" },
    "yaml",
]

[[packages]]
name = "rjson"
version = "0.2.23"
source = { repository = "https://cloud.r-project.org/" }
force_source = false
dependencies = []

[[packages]]
name = "rtracklayer"
version = "1.72.0"
source = { repository = "https://bioconductor.org/packages/3.23/bioc" }
force_source = false
dependencies = [
    { name = "GenomicRanges", requirement = "(>= 1.37.2)" },
    { name = "XML", requirement = "(>= 1.98-0)" },
    { name = "BiocGenerics", requirement = "(>= 0.35.3)" },
    { name = "S4Vectors", requirement = "(>= 0.23.18)" },
    { name = "IRanges", requirement = "(>= 2.13.13)" },
    { name = "XVector", requirement = "(>= 0.19.7)" },
    "Seqinfo",
    { name = "Biostrings", requirement = "(>= 2.77.2)" },
    "curl",
    "httr",
    { name = "Rsamtools", requirement = "(>= 1.31.2)" },
    { name = "GenomicAlignments", requirement = "(>= 1.15.6)" },
    "BiocIO",
    { name = "restfulr", requirement = "(>= 0.0.13)" },
]

[[packages]]
name = "snow"
version = "0.4-4"
source = { repository = "https://cloud.r-project.org/" }
force_source = false
dependencies = []

[[packages]]
name = "sys"
version = "3.4.3"
source = { repository = "https://cloud.r-project.org/" }
force_source = false
dependencies = []

[[packages]]
name = "yaml"
version = "2.3.12"
source = { repository = "https://cloud.r-project.org/" }
force_source = false
dependencies = []
